// !$*UTF8*$!
{
	archiveVersion = 1;
	classes = {
	};
	objectVersion = 46;
	objects = {

/* Begin PBXBuildFile section */
		2CB32F3D1DC89FF6007E0486 /* AppDelegate.swift in Sources */ = {isa = PBXBuildFile; fileRef = 2CB32F3C1DC89FF6007E0486 /* AppDelegate.swift */; };
		2CB32F3F1DC89FF6007E0486 /* ViewController.swift in Sources */ = {isa = PBXBuildFile; fileRef = 2CB32F3E1DC89FF6007E0486 /* ViewController.swift */; };
		2CB32F421DC89FF6007E0486 /* Main.storyboard in Resources */ = {isa = PBXBuildFile; fileRef = 2CB32F401DC89FF6007E0486 /* Main.storyboard */; };
		2CB32F441DC89FF6007E0486 /* Assets.xcassets in Resources */ = {isa = PBXBuildFile; fileRef = 2CB32F431DC89FF6007E0486 /* Assets.xcassets */; };
		2CB32F471DC89FF6007E0486 /* LaunchScreen.storyboard in Resources */ = {isa = PBXBuildFile; fileRef = 2CB32F451DC89FF6007E0486 /* LaunchScreen.storyboard */; };
/* End PBXBuildFile section */

/* Begin PBXFileReference section */
		2CB32F391DC89FF6007E0486 /* DestroyTheWorld.app */ = {isa = PBXFileReference; explicitFileType = wrapper.application; includeInIndex = 0; path = DestroyTheWorld.app; sourceTree = BUILT_PRODUCTS_DIR; };
		2CB32F3C1DC89FF6007E0486 /* AppDelegate.swift */ = {isa = PBXFileReference; lastKnownFileType = sourcecode.swift; path = AppDelegate.swift; sourceTree = "<group>"; };
		2CB32F3E1DC89FF6007E0486 /* ViewController.swift */ = {isa = PBXFileReference; lastKnownFileType = sourcecode.swift; path = ViewController.swift; sourceTree = "<group>"; };
		2CB32F411DC89FF6007E0486 /* Base */ = {isa = PBXFileReference; lastKnownFileType = file.storyboard; name = Base; path = Base.lproj/Main.storyboard; sourceTree = "<group>"; };
		2CB32F431DC89FF6007E0486 /* Assets.xcassets */ = {isa = PBXFileReference; lastKnownFileType = folder.assetcatalog; path = Assets.xcassets; sourceTree = "<group>"; };
		2CB32F461DC89FF6007E0486 /* Base */ = {isa = PBXFileReference; lastKnownFileType = file.storyboard; name = Base; path = Base.lproj/LaunchScreen.storyboard; sourceTree = "<group>"; };
		2CB32F481DC89FF6007E0486 /* Info.plist */ = {isa = PBXFileReference; lastKnownFileType = text.plist.xml; path = Info.plist; sourceTree = "<group>"; };
/* End PBXFileReference section */

/* Begin PBXFrameworksBuildPhase section */
		2CB32F361DC89FF5007E0486 /* Frameworks */ = {
			isa = PBXFrameworksBuildPhase;
			buildActionMask = 2147483647;
			files = (
			);
			runOnlyForDeploymentPostprocessing = 0;
		};
/* End PBXFrameworksBuildPhase section */

/* Begin PBXGroup section */
		2CB32F301DC89FF5007E0486 = {
			isa = PBXGroup;
			children = (
				2CB32F3B1DC89FF6007E0486 /* DestroyTheWorld */,
				2CB32F3A1DC89FF6007E0486 /* Products */,
			);
			sourceTree = "<group>";
		};
		2CB32F3A1DC89FF6007E0486 /* Products */ = {
			isa = PBXGroup;
			children = (
				2CB32F391DC89FF6007E0486 /* DestroyTheWorld.app */,
			);
			name = Products;
			sourceTree = "<group>";
		};
		2CB32F3B1DC89FF6007E0486 /* DestroyTheWorld */ = {
			isa = PBXGroup;
			children = (
				2CB32F3C1DC89FF6007E0486 /* AppDelegate.swift */,
				2CB32F3E1DC89FF6007E0486 /* ViewController.swift */,
				2CB32F401DC89FF6007E0486 /* Main.storyboard */,
				2CB32F431DC89FF6007E0486 /* Assets.xcassets */,
				2CB32F451DC89FF6007E0486 /* LaunchScreen.storyboard */,
				2CB32F481DC89FF6007E0486 /* Info.plist */,
			);
			path = DestroyTheWorld;
			sourceTree = "<group>";
		};
/* End PBXGroup section */

/* Begin PBXNativeTarget section */
		2CB32F381DC89FF5007E0486 /* DestroyTheWorld */ = {
			isa = PBXNativeTarget;
			buildConfigurationList = 2CB32F4B1DC89FF6007E0486 /* Build configuration list for PBXNativeTarget "DestroyTheWorld" */;
			buildPhases = (
				2CB32F351DC89FF5007E0486 /* Sources */,
				2CB32F361DC89FF5007E0486 /* Frameworks */,
				2CB32F371DC89FF5007E0486 /* Resources */,
			);
			buildRules = (
			);
			dependencies = (
			);
			name = DestroyTheWorld;
			productName = DestroyTheWorld;
			productReference = 2CB32F391DC89FF6007E0486 /* DestroyTheWorld.app */;
			productType = "com.apple.product-type.application";
		};
/* End PBXNativeTarget section */

/* Begin PBXProject section */
		2CB32F311DC89FF5007E0486 /* Project object */ = {
			isa = PBXProject;
			attributes = {
				LastSwiftUpdateCheck = 0720;
				LastUpgradeCheck = 0720;
				ORGANIZATIONNAME = WPL;
				TargetAttributes = {
					2CB32F381DC89FF5007E0486 = {
						CreatedOnToolsVersion = 7.2.1;
						DevelopmentTeam = 99MLBY33UZ;
					};
				};
			};
			buildConfigurationList = 2CB32F341DC89FF5007E0486 /* Build configuration list for PBXProject "DestroyTheWorld" */;
			compatibilityVersion = "Xcode 3.2";
			developmentRegion = English;
			hasScannedForEncodings = 0;
			knownRegions = (
				en,
				Base,
			);
			mainGroup = 2CB32F301DC89FF5007E0486;
			productRefGroup = 2CB32F3A1DC89FF6007E0486 /* Products */;
			projectDirPath = "";
			projectRoot = "";
			targets = (
				2CB32F381DC89FF5007E0486 /* DestroyTheWorld */,
			);
		};
/* End PBXProject section */

/* Begin PBXResourcesBuildPhase section */
		2CB32F371DC89FF5007E0486 /* Resources */ = {
			isa = PBXResourcesBuildPhase;
			buildActionMask = 2147483647;
			files = (
				2CB32F471DC89FF6007E0486 /* LaunchScreen.storyboard in Resources */,
				2CB32F441DC89FF6007E0486 /* Assets.xcassets in Resources */,
				2CB32F421DC89FF6007E0486 /* Main.storyboard in Resources */,
			);
			runOnlyForDeploymentPostprocessing = 0;
		};
/* End PBXResourcesBuildPhase section */

/* Begin PBXSourcesBuildPhase section */
		2CB32F351DC89FF5007E0486 /* Sources */ = {
			isa = PBXSourcesBuildPhase;
			buildActionMask = 2147483647;
			files = (
				2CB32F3F1DC89FF6007E0486 /* ViewController.swift in Sources */,
				2CB32F3D1DC89FF6007E0486 /* AppDelegate.swift in Sources */,
			);
			runOnlyForDeploymentPostprocessing = 0;
		};
/* End PBXSourcesBuildPhase section */

/* Begin PBXVariantGroup section */
		2CB32F401DC89FF6007E0486 /* Main.storyboard */ = {
			isa = PBXVariantGroup;
			children = (
				2CB32F411DC89FF6007E0486 /* Base */,
			);
			name = Main.storyboard;
			sourceTree = "<group>";
		};
		2CB32F451DC89FF6007E0486 /* LaunchScreen.storyboard */ = {
			isa = PBXVariantGroup;
			children = (
				2CB32F461DC89FF6007E0486 /* Base */,
			);
			name = LaunchScreen.storyboard;
			sourceTree = "<group>";
		};
/* End PBXVariantGroup section */

/* Begin XCBuildConfiguration section */
		2CB32F491DC89FF6007E0486 /* Debug */ = {
			isa = XCBuildConfiguration;
			buildSettings = {
				ALWAYS_SEARCH_USER_PATHS = NO;
				CLANG_CXX_LANGUAGE_STANDARD = "gnu++0x";
				CLANG_CXX_LIBRARY = "libc++";
				CLANG_ENABLE_MODULES = YES;
				CLANG_ENABLE_OBJC_ARC = YES;
				CLANG_WARN_BOOL_CONVERSION = YES;
				CLANG_WARN_CONSTANT_CONVERSION = YES;
				CLANG_WARN_DIRECT_OBJC_ISA_USAGE = YES_ERROR;
				CLANG_WARN_EMPTY_BODY = YES;
				CLANG_WARN_ENUM_CONVERSION = YES;
				CLANG_WARN_INT_CONVERSION = YES;
				CLANG_WARN_OBJC_ROOT_CLASS = YES_ERROR;
				CLANG_WARN_UNREACHABLE_CODE = YES;
				CLANG_WARN__DUPLICATE_METHOD_MATCH = YES;
				"CODE_SIGN_IDENTITY[sdk=iphoneos*]" = "iPhone Developer";
				COPY_PHASE_STRIP = NO;
				DEBUG_INFORMATION_FORMAT = dwarf;
				ENABLE_STRICT_OBJC_MSGSEND = YES;
				ENABLE_TESTABILITY = YES;
				GCC_C_LANGUAGE_STANDARD = gnu99;
				GCC_DYNAMIC_NO_PIC = NO;
				GCC_NO_COMMON_BLOCKS = YES;
				GCC_OPTIMIZATION_LEVEL = 0;
				GCC_PREPROCESSOR_DEFINITIONS = (
					"DEBUG=1",
					"$(inherited)",
				);
				GCC_WARN_64_TO_32_BIT_CONVERSION = YES;
				GCC_WARN_ABOUT_RETURN_TYPE = YES_ERROR;
				GCC_WARN_UNDECLARED_SELECTOR = YES;
				GCC_WARN_UNINITIALIZED_AUTOS = YES_AGGRESSIVE;
				GCC_WARN_UNUSED_FUNCTION = YES;
				GCC_WARN_UNUSED_VARIABLE = YES;
				IPHONEOS_DEPLOYMENT_TARGET = 9.2;
				MTL_ENABLE_DEBUG_INFO = YES;
				ONLY_ACTIVE_ARCH = YES;
				SDKROOT = iphoneos;
				SWIFT_OPTIMIZATION_LEVEL = "-Onone";
			};
			name = Debug;
		};
		2CB32F4A1DC89FF6007E0486 /* Release */ = {
			isa = XCBuildConfiguration;
			buildSettings = {
				ALWAYS_SEARCH_USER_PATHS = NO;
				CLANG_CXX_LANGUAGE_STANDARD = "gnu++0x";
				CLANG_CXX_LIBRARY = "libc++";
				CLANG_ENABLE_MODULES = YES;
				CLANG_ENABLE_OBJC_ARC = YES;
				CLANG_WARN_BOOL_CONVERSION = YES;
				CLANG_WARN_CONSTANT_CONVERSION = YES;
				CLANG_WARN_DIRECT_OBJC_ISA_USAGE = YES_ERROR;
				CLANG_WARN_EMPTY_BODY = YES;
				CLANG_WARN_ENUM_CONVERSION = YES;
				CLANG_WARN_INT_CONVERSION = YES;
				CLANG_WARN_OBJC_ROOT_CLASS = YES_ERROR;
				CLANG_WARN_UNREACHABLE_CODE = YES;
				CLANG_WARN__DUPLICATE_METHOD_MATCH = YES;
				"CODE_SIGN_IDENTITY[sdk=iphoneos*]" = "iPhone Developer";
				COPY_PHASE_STRIP = NO;
				DEBUG_INFORMATION_FORMAT = "dwarf-with-dsym";
				ENABLE_NS_ASSERTIONS = NO;
				ENABLE_STRICT_OBJC_MSGSEND = YES;
				GCC_C_LANGUAGE_STANDARD = gnu99;
				GCC_NO_COMMON_BLOCKS = YES;
				GCC_WARN_64_TO_32_BIT_CONVERSION = YES;
				GCC_WARN_ABOUT_RETURN_TYPE = YES_ERROR;
				GCC_WARN_UNDECLARED_SELECTOR = YES;
				GCC_WARN_UNINITIALIZED_AUTOS = YES_AGGRESSIVE;
				GCC_WARN_UNUSED_FUNCTION = YES;
				GCC_WARN_UNUSED_VARIABLE = YES;
				IPHONEOS_DEPLOYMENT_TARGET = 9.2;
				MTL_ENABLE_DEBUG_INFO = NO;
				SDKROOT = iphoneos;
				VALIDATE_PRODUCT = YES;
			};
			name = Release;
		};
		2CB32F4C1DC89FF6007E0486 /* Debug */ = {
			isa = XCBuildConfiguration;
			buildSettings = {
				ASSETCATALOG_COMPILER_APPICON_NAME = AppIcon;
				INFOPLIST_FILE = DestroyTheWorld/Info.plist;
				LD_RUNPATH_SEARCH_PATHS = "$(inherited) @executable_path/Frameworks";
				PRODUCT_BUNDLE_IDENTIFIER = com.waiphyolinn.DestroyTheWorld;
				PRODUCT_NAME = "$(TARGET_NAME)";
			};
			name = Debug;
		};
		2CB32F4D1DC89FF6007E0486 /* Release */ = {
			isa = XCBuildConfiguration;
			buildSettings = {
				ASSETCATALOG_COMPILER_APPICON_NAME = AppIcon;
				INFOPLIST_FILE = DestroyTheWorld/Info.plist;
				LD_RUNPATH_SEARCH_PATHS = "$(inherited) @executable_path/Frameworks";
				PRODUCT_BUNDLE_IDENTIFIER = com.waiphyolinn.DestroyTheWorld;
				PRODUCT_NAME = "$(TARGET_NAME)";
			};
			name = Release;
		};
/* End XCBuildConfiguration section */

/* Begin XCConfigurationList section */
		2CB32F341DC89FF5007E0486 /* Build configuration list for PBXProject "DestroyTheWorld" */ = {
			isa = XCConfigurationList;
			buildConfigurations = (
				2CB32F491DC89FF6007E0486 /* Debug */,
				2CB32F4A1DC89FF6007E0486 /* Release */,
			);
			defaultConfigurationIsVisible = 0;
			defaultConfigurationName = Release;
		};
		2CB32F4B1DC89FF6007E0486 /* Build configuration list for PBXNativeTarget "DestroyTheWorld" */ = {
			isa = XCConfigurationList;
			buildConfigurations = (
				2CB32F4C1DC89FF6007E0486 /* Debug */,
				2CB32F4D1DC89FF6007E0486 /* Release */,
			);
			defaultConfigurationIsVisible = 0;
		};
/* End XCConfigurationList section */
	};
	rootObject = 2CB32F311DC89FF5007E0486 /* Project object */;
}
